{
  "version": 4,
  "terraform_version": "1.0.3",
  "serial": 5,
  "lineage": "17930dea-599a-0cb1-bbfa-1f9b97113fa5",
  "outputs": {},
  "resources": [
    {
      "mode": "managed",
      "type": "aws_elastic_beanstalk_application",
      "name": "aplication",
      "provider": "provider[\"registry.terraform.io/hashicorp/aws\"]",
      "instances": [
        {
          "schema_version": 0,
          "attributes": {
            "appversion_lifecycle": [],
            "arn": "arn:aws:elasticbeanstalk:us-east-2:798616997032:application/vd-chalenge",
            "description": "",
            "id": "vd-chalenge",
            "name": "vd-chalenge",
            "tags": {},
            "tags_all": {}
          },
          "sensitive_attributes": [],
          "private": "bnVsbA=="
        }
      ]
    }
  ]
}
